<?xml version="1.0" encoding="UTF-8" standalone="yes" ?>
<CodeBlocks_project_file>
	<FileVersion major="1" minor="6" />
	<Project>
		<Option title="set_time_example" />
		<Option pch_mode="2" />
		<Option compiler="gcc" />
		<Build>
			<Target title="Intel (Linux)">
				<Option output="linux\set_time_example" prefix_auto="1" extension_auto="1" />
				<Option object_output="linux" />
				<Option type="1" />
				<Option compiler="gcc" />
				<Compiler>
					<Add option="-g" />
				</Compiler>
			</Target>
			<Target title="Intel (Windows)">
				<Option output="windows\set_time_example" prefix_auto="1" extension_auto="1" />
				<Option object_output="windows" />
				<Option type="1" />
				<Option compiler="gcc" />
				<Compiler>
					<Add option="-g" />
				</Compiler>
				<Linker>
					<Add library="..\ncpclient\windows\libncpclient.a" />
					<Add library="libwsock32.a" />
					<Add library="libws2_32.a" />
				</Linker>
			</Target>
			<Target title="Axis">
				<Option output="axis\set_time_example" prefix_auto="1" extension_auto="1" />
				<Option object_output="axis" />
				<Option type="1" />
				<Option compiler="gcc" />
				<Compiler>
					<Add option="-g" />
				</Compiler>
			</Target>
			<Target title="Marvell">
				<Option output="marvell\set_time_example" prefix_auto="1" extension_auto="1" />
				<Option object_output="marvell" />
				<Option type="1" />
				<Option compiler="gcc" />
				<Compiler>
					<Add option="-g" />
				</Compiler>
			</Target>
		</Build>
		<Compiler>
			<Add option="-Wall" />
			<Add directory="..\..\client_ncp" />
			<Add directory="..\..\base" />
		</Compiler>
		<Unit filename="main.c">
			<Option compilerVar="CC" />
		</Unit>
		<Extensions>
			<code_completion />
			<debugger />
		</Extensions>
	</Project>
</CodeBlocks_project_file>
